
Microsoft Visual Studio Solution File, Format Version 12.00
# Visual Studio 15
VisualStudioVersion = 15.0.28307.1340
MinimumVisualStudioVersion = 10.0.40219.1
Project("{FAE04EC0-301F-11D3-BF4B-00C04F79EFBC}") = "WebApplication1", "WebApplication1\WebApplication1.csproj", "{BB022161-E411-4517-93AC-706FD1F7FE86}"
EndProject
Global
	GlobalSection(SolutionConfigurationPlatforms) = preSolution
		Debug|Any CPU = Debug|Any CPU
		Release|Any CPU = Release|Any CPU
	EndGlobalSection
	GlobalSection(ProjectConfigurationPlatforms) = postSolution
		{BB022161-E411-4517-93AC-706FD1F7FE86}.Debug|Any CPU.ActiveCfg = Debug|Any CPU
		{BB022161-E411-4517-93AC-706FD1F7FE86}.Debug|Any CPU.Build.0 = Debug|Any CPU
		{BB022161-E411-4517-93AC-706FD1F7FE86}.Release|Any CPU.ActiveCfg = Release|Any CPU
		{BB022161-E411-4517-93AC-706FD1F7FE86}.Release|Any CPU.Build.0 = Release|Any CPU
	EndGlobalSection
	GlobalSection(SolutionProperties) = preSolution
		HideSolutionNode = FALSE
	EndGlobalSection
	GlobalSection(ExtensibilityGlobals) = postSolution
		SolutionGuid = {102C5C1C-9983-4B0F-91F3-FA2F1DD86AAC}
	EndGlobalSection
EndGlobal
